// !$*UTF8*$!
{
	archiveVersion = 1;
	classes = {
	};
	objectVersion = 50;
	objects = {

/* Begin PBXBuildFile section */
		66465ED92689AFD900481E94 /* INConfiguration.swift in Sources */ = {isa = PBXBuildFile; fileRef = 66465ED82689AFD900481E94 /* INConfiguration.swift */; };
		66CA23742689DF35007079EC /* AppDelegate.swift in Sources */ = {isa = PBXBuildFile; fileRef = 66CA23732689DF35007079EC /* AppDelegate.swift */; };
		66E1ACCB2689E342003EBAA4 /* SceneDelegate.swift in Sources */ = {isa = PBXBuildFile; fileRef = 66E1ACCA2689E342003EBAA4 /* SceneDelegate.swift */; };
		66EFDF42268669C50009DFB1 /* INProgressView.h in Headers */ = {isa = PBXBuildFile; fileRef = 66EFDF40268669C50009DFB1 /* INProgressView.h */; settings = {ATTRIBUTES = (Public, ); }; };
		66EFDF4A268749620009DFB1 /* INProgressView.swift in Sources */ = {isa = PBXBuildFile; fileRef = 66EFDF49268749620009DFB1 /* INProgressView.swift */; };
		66EFDF4E268749920009DFB1 /* INBlurView.swift in Sources */ = {isa = PBXBuildFile; fileRef = 66EFDF4D268749920009DFB1 /* INBlurView.swift */; };
		66EFDF5A268749D00009DFB1 /* ContentView.swift in Sources */ = {isa = PBXBuildFile; fileRef = 66EFDF59268749D00009DFB1 /* ContentView.swift */; };
		66EFDF5C268749D20009DFB1 /* Assets.xcassets in Resources */ = {isa = PBXBuildFile; fileRef = 66EFDF5B268749D20009DFB1 /* Assets.xcassets */; };
		66EFDF5F268749D20009DFB1 /* Preview Assets.xcassets in Resources */ = {isa = PBXBuildFile; fileRef = 66EFDF5E268749D20009DFB1 /* Preview Assets.xcassets */; };
/* End PBXBuildFile section */

/* Begin PBXFileReference section */
		66465ED82689AFD900481E94 /* INConfiguration.swift */ = {isa = PBXFileReference; lastKnownFileType = sourcecode.swift; path = INConfiguration.swift; sourceTree = "<group>"; };
		66CA23732689DF35007079EC /* AppDelegate.swift */ = {isa = PBXFileReference; lastKnownFileType = sourcecode.swift; path = AppDelegate.swift; sourceTree = "<group>"; };
		66E1ACCA2689E342003EBAA4 /* SceneDelegate.swift */ = {isa = PBXFileReference; lastKnownFileType = sourcecode.swift; path = SceneDelegate.swift; sourceTree = "<group>"; };
		66EFDF3D268669C50009DFB1 /* INProgressView.framework */ = {isa = PBXFileReference; explicitFileType = wrapper.framework; includeInIndex = 0; path = INProgressView.framework; sourceTree = BUILT_PRODUCTS_DIR; };
		66EFDF40268669C50009DFB1 /* INProgressView.h */ = {isa = PBXFileReference; lastKnownFileType = sourcecode.c.h; path = INProgressView.h; sourceTree = "<group>"; };
		66EFDF41268669C50009DFB1 /* Info.plist */ = {isa = PBXFileReference; lastKnownFileType = text.plist.xml; path = Info.plist; sourceTree = "<group>"; };
		66EFDF49268749620009DFB1 /* INProgressView.swift */ = {isa = PBXFileReference; lastKnownFileType = sourcecode.swift; path = INProgressView.swift; sourceTree = "<group>"; };
		66EFDF4D268749920009DFB1 /* INBlurView.swift */ = {isa = PBXFileReference; lastKnownFileType = sourcecode.swift; path = INBlurView.swift; sourceTree = "<group>"; };
		66EFDF55268749D00009DFB1 /* DemoINProgressView.app */ = {isa = PBXFileReference; explicitFileType = wrapper.application; includeInIndex = 0; path = DemoINProgressView.app; sourceTree = BUILT_PRODUCTS_DIR; };
		66EFDF59268749D00009DFB1 /* ContentView.swift */ = {isa = PBXFileReference; lastKnownFileType = sourcecode.swift; path = ContentView.swift; sourceTree = "<group>"; };
		66EFDF5B268749D20009DFB1 /* Assets.xcassets */ = {isa = PBXFileReference; lastKnownFileType = folder.assetcatalog; path = Assets.xcassets; sourceTree = "<group>"; };
		66EFDF5E268749D20009DFB1 /* Preview Assets.xcassets */ = {isa = PBXFileReference; lastKnownFileType = folder.assetcatalog; path = "Preview Assets.xcassets"; sourceTree = "<group>"; };
		66EFDF60268749D20009DFB1 /* Info.plist */ = {isa = PBXFileReference; lastKnownFileType = text.plist.xml; path = Info.plist; sourceTree = "<group>"; };
/* End PBXFileReference section */

/* Begin PBXFrameworksBuildPhase section */
		66EFDF3A268669C50009DFB1 /* Frameworks */ = {
			isa = PBXFrameworksBuildPhase;
			buildActionMask = 2147483647;
			files = (
			);
			runOnlyForDeploymentPostprocessing = 0;
		};
		66EFDF52268749D00009DFB1 /* Frameworks */ = {
			isa = PBXFrameworksBuildPhase;
			buildActionMask = 2147483647;
			files = (
			);
			runOnlyForDeploymentPostprocessing = 0;
		};
/* End PBXFrameworksBuildPhase section */

/* Begin PBXGroup section */
		66EFDF33268669C50009DFB1 = {
			isa = PBXGroup;
			children = (
				66EFDF3F268669C50009DFB1 /* INProgressView */,
				66EFDF56268749D00009DFB1 /* DemoINProgressView */,
				66EFDF3E268669C50009DFB1 /* Products */,
			);
			sourceTree = "<group>";
		};
		66EFDF3E268669C50009DFB1 /* Products */ = {
			isa = PBXGroup;
			children = (
				66EFDF3D268669C50009DFB1 /* INProgressView.framework */,
				66EFDF55268749D00009DFB1 /* DemoINProgressView.app */,
			);
			name = Products;
			sourceTree = "<group>";
		};
		66EFDF3F268669C50009DFB1 /* INProgressView */ = {
			isa = PBXGroup;
			children = (
				66EFDF4C268749820009DFB1 /* View */,
				66EFDF40268669C50009DFB1 /* INProgressView.h */,
				66EFDF41268669C50009DFB1 /* Info.plist */,
			);
			path = INProgressView;
			sourceTree = "<group>";
		};
		66EFDF4C268749820009DFB1 /* View */ = {
			isa = PBXGroup;
			children = (
				66EFDF4D268749920009DFB1 /* INBlurView.swift */,
				66465ED82689AFD900481E94 /* INConfiguration.swift */,
				66EFDF49268749620009DFB1 /* INProgressView.swift */,
			);
			path = View;
			sourceTree = "<group>";
		};
		66EFDF56268749D00009DFB1 /* DemoINProgressView */ = {
			isa = PBXGroup;
			children = (
				66CA23732689DF35007079EC /* AppDelegate.swift */,
				66E1ACCA2689E342003EBAA4 /* SceneDelegate.swift */,
				66EFDF59268749D00009DFB1 /* ContentView.swift */,
				66EFDF5B268749D20009DFB1 /* Assets.xcassets */,
				66EFDF60268749D20009DFB1 /* Info.plist */,
				66EFDF5D268749D20009DFB1 /* Preview Content */,
			);
			path = DemoINProgressView;
			sourceTree = "<group>";
		};
		66EFDF5D268749D20009DFB1 /* Preview Content */ = {
			isa = PBXGroup;
			children = (
				66EFDF5E268749D20009DFB1 /* Preview Assets.xcassets */,
			);
			path = "Preview Content";
			sourceTree = "<group>";
		};
/* End PBXGroup section */

/* Begin PBXHeadersBuildPhase section */
		66EFDF38268669C50009DFB1 /* Headers */ = {
			isa = PBXHeadersBuildPhase;
			buildActionMask = 2147483647;
			files = (
				66EFDF42268669C50009DFB1 /* INProgressView.h in Headers */,
			);
			runOnlyForDeploymentPostprocessing = 0;
		};
/* End PBXHeadersBuildPhase section */

/* Begin PBXNativeTarget section */
		66EFDF3C268669C50009DFB1 /* INProgressView */ = {
			isa = PBXNativeTarget;
			buildConfigurationList = 66EFDF45268669C50009DFB1 /* Build configuration list for PBXNativeTarget "INProgressView" */;
			buildPhases = (
				66EFDF38268669C50009DFB1 /* Headers */,
				66EFDF39268669C50009DFB1 /* Sources */,
				66EFDF3A268669C50009DFB1 /* Frameworks */,
				66EFDF3B268669C50009DFB1 /* Resources */,
			);
			buildRules = (
			);
			dependencies = (
			);
			name = INProgressView;
			productName = INProgressView;
			productReference = 66EFDF3D268669C50009DFB1 /* INProgressView.framework */;
			productType = "com.apple.product-type.framework";
		};
		66EFDF54268749D00009DFB1 /* DemoINProgressView */ = {
			isa = PBXNativeTarget;
			buildConfigurationList = 66EFDF61268749D20009DFB1 /* Build configuration list for PBXNativeTarget "DemoINProgressView" */;
			buildPhases = (
				66EFDF51268749D00009DFB1 /* Sources */,
				66EFDF52268749D00009DFB1 /* Frameworks */,
				66EFDF53268749D00009DFB1 /* Resources */,
			);
			buildRules = (
			);
			dependencies = (
			);
			name = DemoINProgressView;
			productName = DemoINProgressView;
			productReference = 66EFDF55268749D00009DFB1 /* DemoINProgressView.app */;
			productType = "com.apple.product-type.application";
		};
/* End PBXNativeTarget section */

/* Begin PBXProject section */
		66EFDF34268669C50009DFB1 /* Project object */ = {
			isa = PBXProject;
			attributes = {
				LastSwiftUpdateCheck = 1220;
				LastUpgradeCheck = 1220;
				TargetAttributes = {
					66EFDF3C268669C50009DFB1 = {
						CreatedOnToolsVersion = 12.2;
						LastSwiftMigration = 1220;
					};
					66EFDF54268749D00009DFB1 = {
						CreatedOnToolsVersion = 12.2;
					};
				};
			};
			buildConfigurationList = 66EFDF37268669C50009DFB1 /* Build configuration list for PBXProject "INProgressView" */;
			compatibilityVersion = "Xcode 9.3";
			developmentRegion = en;
			hasScannedForEncodings = 0;
			knownRegions = (
				en,
				Base,
			);
			mainGroup = 66EFDF33268669C50009DFB1;
			productRefGroup = 66EFDF3E268669C50009DFB1 /* Products */;
			projectDirPath = "";
			projectRoot = "";
			targets = (
				66EFDF3C268669C50009DFB1 /* INProgressView */,
				66EFDF54268749D00009DFB1 /* DemoINProgressView */,
			);
		};
/* End PBXProject section */

/* Begin PBXResourcesBuildPhase section */
		66EFDF3B268669C50009DFB1 /* Resources */ = {
			isa = PBXResourcesBuildPhase;
			buildActionMask = 2147483647;
			files = (
			);
			runOnlyForDeploymentPostprocessing = 0;
		};
		66EFDF53268749D00009DFB1 /* Resources */ = {
			isa = PBXResourcesBuildPhase;
			buildActionMask = 2147483647;
			files = (
				66EFDF5F268749D20009DFB1 /* Preview Assets.xcassets in Resources */,
				66EFDF5C268749D20009DFB1 /* Assets.xcassets in Resources */,
			);
			runOnlyForDeploymentPostprocessing = 0;
		};
/* End PBXResourcesBuildPhase section */

/* Begin PBXSourcesBuildPhase section */
		66EFDF39268669C50009DFB1 /* Sources */ = {
			isa = PBXSourcesBuildPhase;
			buildActionMask = 2147483647;
			files = (
				66465ED92689AFD900481E94 /* INConfiguration.swift in Sources */,
				66EFDF4A268749620009DFB1 /* INProgressView.swift in Sources */,
				66EFDF4E268749920009DFB1 /* INBlurView.swift in Sources */,
			);
			runOnlyForDeploymentPostprocessing = 0;
		};
		66EFDF51268749D00009DFB1 /* Sources */ = {
			isa = PBXSourcesBuildPhase;
			buildActionMask = 2147483647;
			files = (
				66CA23742689DF35007079EC /* AppDelegate.swift in Sources */,
				66EFDF5A268749D00009DFB1 /* ContentView.swift in Sources */,
				66E1ACCB2689E342003EBAA4 /* SceneDelegate.swift in Sources */,
			);
			runOnlyForDeploymentPostprocessing = 0;
		};
/* End PBXSourcesBuildPhase section */

/* Begin XCBuildConfiguration section */
		66EFDF43268669C50009DFB1 /* Debug */ = {
			isa = XCBuildConfiguration;
			buildSettings = {
				ALWAYS_SEARCH_USER_PATHS = NO;
				CLANG_ANALYZER_NONNULL = YES;
				CLANG_ANALYZER_NUMBER_OBJECT_CONVERSION = YES_AGGRESSIVE;
				CLANG_CXX_LANGUAGE_STANDARD = "gnu++14";
				CLANG_CXX_LIBRARY = "libc++";
				CLANG_ENABLE_MODULES = YES;
				CLANG_ENABLE_OBJC_ARC = YES;
				CLANG_ENABLE_OBJC_WEAK = YES;
				CLANG_WARN_BLOCK_CAPTURE_AUTORELEASING = YES;
				CLANG_WARN_BOOL_CONVERSION = YES;
				CLANG_WARN_COMMA = YES;
				CLANG_WARN_CONSTANT_CONVERSION = YES;
				CLANG_WARN_DEPRECATED_OBJC_IMPLEMENTATIONS = YES;
				CLANG_WARN_DIRECT_OBJC_ISA_USAGE = YES_ERROR;
				CLANG_WARN_DOCUMENTATION_COMMENTS = YES;
				CLANG_WARN_EMPTY_BODY = YES;
				CLANG_WARN_ENUM_CONVERSION = YES;
				CLANG_WARN_INFINITE_RECURSION = YES;
				CLANG_WARN_INT_CONVERSION = YES;
				CLANG_WARN_NON_LITERAL_NULL_CONVERSION = YES;
				CLANG_WARN_OBJC_IMPLICIT_RETAIN_SELF = YES;
				CLANG_WARN_OBJC_LITERAL_CONVERSION = YES;
				CLANG_WARN_OBJC_ROOT_CLASS = YES_ERROR;
				CLANG_WARN_QUOTED_INCLUDE_IN_FRAMEWORK_HEADER = YES;
				CLANG_WARN_RANGE_LOOP_ANALYSIS = YES;
				CLANG_WARN_STRICT_PROTOTYPES = YES;
				CLANG_WARN_SUSPICIOUS_MOVE = YES;
				CLANG_WARN_UNGUARDED_AVAILABILITY = YES_AGGRESSIVE;
				CLANG_WARN_UNREACHABLE_CODE = YES;
				CLANG_WARN__DUPLICATE_METHOD_MATCH = YES;
				COPY_PHASE_STRIP = NO;
				CURRENT_PROJECT_VERSION = 1;
				DEBUG_INFORMATION_FORMAT = dwarf;
				ENABLE_STRICT_OBJC_MSGSEND = YES;
				ENABLE_TESTABILITY = YES;
				GCC_C_LANGUAGE_STANDARD = gnu11;
				GCC_DYNAMIC_NO_PIC = NO;
				GCC_NO_COMMON_BLOCKS = YES;
				GCC_OPTIMIZATION_LEVEL = 0;
				GCC_PREPROCESSOR_DEFINITIONS = (
					"DEBUG=1",
					"$(inherited)",
				);
				GCC_WARN_64_TO_32_BIT_CONVERSION = YES;
				GCC_WARN_ABOUT_RETURN_TYPE = YES_ERROR;
				GCC_WARN_UNDECLARED_SELECTOR = YES;
				GCC_WARN_UNINITIALIZED_AUTOS = YES_AGGRESSIVE;
				GCC_WARN_UNUSED_FUNCTION = YES;
				GCC_WARN_UNUSED_VARIABLE = YES;
				IPHONEOS_DEPLOYMENT_TARGET = 14.2;
				MTL_ENABLE_DEBUG_INFO = INCLUDE_SOURCE;
				MTL_FAST_MATH = YES;
				ONLY_ACTIVE_ARCH = YES;
				SDKROOT = iphoneos;
				SWIFT_ACTIVE_COMPILATION_CONDITIONS = DEBUG;
				SWIFT_OPTIMIZATION_LEVEL = "-Onone";
				VERSIONING_SYSTEM = "apple-generic";
				VERSION_INFO_PREFIX = "";
			};
			name = Debug;
		};
		66EFDF44268669C50009DFB1 /* Release */ = {
			isa = XCBuildConfiguration;
			buildSettings = {
				ALWAYS_SEARCH_USER_PATHS = NO;
				CLANG_ANALYZER_NONNULL = YES;
				CLANG_ANALYZER_NUMBER_OBJECT_CONVERSION = YES_AGGRESSIVE;
				CLANG_CXX_LANGUAGE_STANDARD = "gnu++14";
				CLANG_CXX_LIBRARY = "libc++";
				CLANG_ENABLE_MODULES = YES;
				CLANG_ENABLE_OBJC_ARC = YES;
				CLANG_ENABLE_OBJC_WEAK = YES;
				CLANG_WARN_BLOCK_CAPTURE_AUTORELEASING = YES;
				CLANG_WARN_BOOL_CONVERSION = YES;
				CLANG_WARN_COMMA = YES;
				CLANG_WARN_CONSTANT_CONVERSION = YES;
				CLANG_WARN_DEPRECATED_OBJC_IMPLEMENTATIONS = YES;
				CLANG_WARN_DIRECT_OBJC_ISA_USAGE = YES_ERROR;
				CLANG_WARN_DOCUMENTATION_COMMENTS = YES;
				CLANG_WARN_EMPTY_BODY = YES;
				CLANG_WARN_ENUM_CONVERSION = YES;
				CLANG_WARN_INFINITE_RECURSION = YES;
				CLANG_WARN_INT_CONVERSION = YES;
				CLANG_WARN_NON_LITERAL_NULL_CONVERSION = YES;
				CLANG_WARN_OBJC_IMPLICIT_RETAIN_SELF = YES;
				CLANG_WARN_OBJC_LITERAL_CONVERSION = YES;
				CLANG_WARN_OBJC_ROOT_CLASS = YES_ERROR;
				CLANG_WARN_QUOTED_INCLUDE_IN_FRAMEWORK_HEADER = YES;
				CLANG_WARN_RANGE_LOOP_ANALYSIS = YES;
				CLANG_WARN_STRICT_PROTOTYPES = YES;
				CLANG_WARN_SUSPICIOUS_MOVE = YES;
				CLANG_WARN_UNGUARDED_AVAILABILITY = YES_AGGRESSIVE;
				CLANG_WARN_UNREACHABLE_CODE = YES;
				CLANG_WARN__DUPLICATE_METHOD_MATCH = YES;
				COPY_PHASE_STRIP = NO;
				CURRENT_PROJECT_VERSION = 1;
				DEBUG_INFORMATION_FORMAT = "dwarf-with-dsym";
				ENABLE_NS_ASSERTIONS = NO;
				ENABLE_STRICT_OBJC_MSGSEND = YES;
				GCC_C_LANGUAGE_STANDARD = gnu11;
				GCC_NO_COMMON_BLOCKS = YES;
				GCC_WARN_64_TO_32_BIT_CONVERSION = YES;
				GCC_WARN_ABOUT_RETURN_TYPE = YES_ERROR;
				GCC_WARN_UNDECLARED_SELECTOR = YES;
				GCC_WARN_UNINITIALIZED_AUTOS = YES_AGGRESSIVE;
				GCC_WARN_UNUSED_FUNCTION = YES;
				GCC_WARN_UNUSED_VARIABLE = YES;
				IPHONEOS_DEPLOYMENT_TARGET = 14.2;
				MTL_ENABLE_DEBUG_INFO = NO;
				MTL_FAST_MATH = YES;
				SDKROOT = iphoneos;
				SWIFT_COMPILATION_MODE = wholemodule;
				SWIFT_OPTIMIZATION_LEVEL = "-O";
				VALIDATE_PRODUCT = YES;
				VERSIONING_SYSTEM = "apple-generic";
				VERSION_INFO_PREFIX = "";
			};
			name = Release;
		};
		66EFDF46268669C50009DFB1 /* Debug */ = {
			isa = XCBuildConfiguration;
			buildSettings = {
				CLANG_ENABLE_MODULES = YES;
				CODE_SIGN_STYLE = Automatic;
				DEFINES_MODULE = YES;
				DEVELOPMENT_TEAM = FCMRLFUFXA;
				DYLIB_COMPATIBILITY_VERSION = 1;
				DYLIB_CURRENT_VERSION = 1;
				DYLIB_INSTALL_NAME_BASE = "@rpath";
				INFOPLIST_FILE = INProgressView/Info.plist;
				INSTALL_PATH = "$(LOCAL_LIBRARY_DIR)/Frameworks";
				IPHONEOS_DEPLOYMENT_TARGET = 13.0;
				LD_RUNPATH_SEARCH_PATHS = (
					"$(inherited)",
					"@executable_path/Frameworks",
					"@loader_path/Frameworks",
				);
				PRODUCT_BUNDLE_IDENTIFIER = com.invio.inprogressview;
				PRODUCT_NAME = "$(TARGET_NAME:c99extidentifier)";
				SKIP_INSTALL = YES;
				SUPPORTS_MACCATALYST = NO;
				SWIFT_OPTIMIZATION_LEVEL = "-Onone";
				SWIFT_VERSION = 5.0;
				TARGETED_DEVICE_FAMILY = "1,2";
			};
			name = Debug;
		};
		66EFDF47268669C50009DFB1 /* Release */ = {
			isa = XCBuildConfiguration;
			buildSettings = {
				CLANG_ENABLE_MODULES = YES;
				CODE_SIGN_STYLE = Automatic;
				DEFINES_MODULE = YES;
				DEVELOPMENT_TEAM = FCMRLFUFXA;
				DYLIB_COMPATIBILITY_VERSION = 1;
				DYLIB_CURRENT_VERSION = 1;
				DYLIB_INSTALL_NAME_BASE = "@rpath";
				INFOPLIST_FILE = INProgressView/Info.plist;
				INSTALL_PATH = "$(LOCAL_LIBRARY_DIR)/Frameworks";
				IPHONEOS_DEPLOYMENT_TARGET = 13.0;
				LD_RUNPATH_SEARCH_PATHS = (
					"$(inherited)",
					"@executable_path/Frameworks",
					"@loader_path/Frameworks",
				);
				PRODUCT_BUNDLE_IDENTIFIER = com.invio.inprogressview;
				PRODUCT_NAME = "$(TARGET_NAME:c99extidentifier)";
				SKIP_INSTALL = YES;
				SUPPORTS_MACCATALYST = NO;
				SWIFT_VERSION = 5.0;
				TARGETED_DEVICE_FAMILY = "1,2";
			};
			name = Release;
		};
		66EFDF62268749D20009DFB1 /* Debug */ = {
			isa = XCBuildConfiguration;
			buildSettings = {
				ASSETCATALOG_COMPILER_APPICON_NAME = AppIcon;
				ASSETCATALOG_COMPILER_GLOBAL_ACCENT_COLOR_NAME = AccentColor;
				CODE_SIGN_STYLE = Automatic;
				DEVELOPMENT_ASSET_PATHS = "\"DemoINProgressView/Preview Content\"";
				DEVELOPMENT_TEAM = FCMRLFUFXA;
				ENABLE_PREVIEWS = YES;
				INFOPLIST_FILE = DemoINProgressView/Info.plist;
				IPHONEOS_DEPLOYMENT_TARGET = 13.0;
				LD_RUNPATH_SEARCH_PATHS = (
					"$(inherited)",
					"@executable_path/Frameworks",
				);
				PRODUCT_BUNDLE_IDENTIFIER = com.invio.inprogressview.demo;
				PRODUCT_NAME = "$(TARGET_NAME)";
				SWIFT_VERSION = 5.0;
				TARGETED_DEVICE_FAMILY = "1,2";
			};
			name = Debug;
		};
		66EFDF63268749D20009DFB1 /* Release */ = {
			isa = XCBuildConfiguration;
			buildSettings = {
				ASSETCATALOG_COMPILER_APPICON_NAME = AppIcon;
				ASSETCATALOG_COMPILER_GLOBAL_ACCENT_COLOR_NAME = AccentColor;
				CODE_SIGN_STYLE = Automatic;
				DEVELOPMENT_ASSET_PATHS = "\"DemoINProgressView/Preview Content\"";
				DEVELOPMENT_TEAM = FCMRLFUFXA;
				ENABLE_PREVIEWS = YES;
				INFOPLIST_FILE = DemoINProgressView/Info.plist;
				IPHONEOS_DEPLOYMENT_TARGET = 13.0;
				LD_RUNPATH_SEARCH_PATHS = (
					"$(inherited)",
					"@executable_path/Frameworks",
				);
				PRODUCT_BUNDLE_IDENTIFIER = com.invio.inprogressview.demo;
				PRODUCT_NAME = "$(TARGET_NAME)";
				SWIFT_VERSION = 5.0;
				TARGETED_DEVICE_FAMILY = "1,2";
			};
			name = Release;
		};
/* End XCBuildConfiguration section */

/* Begin XCConfigurationList section */
		66EFDF37268669C50009DFB1 /* Build configuration list for PBXProject "INProgressView" */ = {
			isa = XCConfigurationList;
			buildConfigurations = (
				66EFDF43268669C50009DFB1 /* Debug */,
				66EFDF44268669C50009DFB1 /* Release */,
			);
			defaultConfigurationIsVisible = 0;
			defaultConfigurationName = Release;
		};
		66EFDF45268669C50009DFB1 /* Build configuration list for PBXNativeTarget "INProgressView" */ = {
			isa = XCConfigurationList;
			buildConfigurations = (
				66EFDF46268669C50009DFB1 /* Debug */,
				66EFDF47268669C50009DFB1 /* Release */,
			);
			defaultConfigurationIsVisible = 0;
			defaultConfigurationName = Release;
		};
		66EFDF61268749D20009DFB1 /* Build configuration list for PBXNativeTarget "DemoINProgressView" */ = {
			isa = XCConfigurationList;
			buildConfigurations = (
				66EFDF62268749D20009DFB1 /* Debug */,
				66EFDF63268749D20009DFB1 /* Release */,
			);
			defaultConfigurationIsVisible = 0;
			defaultConfigurationName = Release;
		};
/* End XCConfigurationList section */
	};
	rootObject = 66EFDF34268669C50009DFB1 /* Project object */;
}
